<?xml version="1.0" encoding="utf-8"?>
<Project ToolsVersion="4.0" xmlns="http://schemas.microsoft.com/developer/msbuild/2003">
  <ItemGroup>
    <Filter Include="Source Files">
      <UniqueIdentifier>{4FC737F1-C7A5-4376-A066-2A32D752A2FF}</UniqueIdentifier>
      <Extensions>cpp;c;cc;cxx;c++;cppm;ixx;def;odl;idl;hpj;bat;asm;asmx</Extensions>
    </Filter>
    <Filter Include="Header Files">
      <UniqueIdentifier>{93995380-89BD-4b04-88EB-625FBE52EBFB}</UniqueIdentifier>
      <Extensions>h;hh;hpp;hxx;h++;hm;inl;inc;ipp;xsd</Extensions>
    </Filter>
    <Filter Include="Resource Files">
      <UniqueIdentifier>{67DA6AB6-F800-4c08-8B7A-83BB121AAD01}</UniqueIdentifier>
      <Extensions>rc;ico;cur;bmp;dlg;rc2;rct;bin;rgs;gif;jpg;jpeg;jpe;resx;tiff;tif;png;wav;mfcribbon-ms</Extensions>
    </Filter>
  </ItemGroup>
  <ItemGroup>
    <ClCompile Include="src\main.cpp">
      <Filter>Source Files</Filter>
    </ClCompile>
    <ClCompile Include="src\glad.c">
      <Filter>Source Files</Filter>
    </ClCompile>
    <ClCompile Include="include\graphics\window\Window.h">
      <Filter>Source Files</Filter>
    </ClCompile>
    <ClCompile Include="src\graphics\window\GLFWindow.cpp">
      <Filter>Source Files</Filter>
    </ClCompile>
    <ClCompile Include="src\graphics\shapes\Color.cpp">
      <Filter>Source Files</Filter>
    </ClCompile>
    <ClCompile Include="src\graphics\shapes\Position.cpp">
      <Filter>Source Files</Filter>
    </ClCompile>
    <ClCompile Include="src\graphics\shapes\Shape2D.cpp">
      <Filter>Source Files</Filter>
    </ClCompile>
    <ClCompile Include="src\graphics\shapes\2d\Rectangle.cpp">
      <Filter>Source Files</Filter>
    </ClCompile>
    <ClCompile Include="src\graphics\renderer\opengl\OpenGLRenderer.cpp">
      <Filter>Source Files</Filter>
    </ClCompile>
    <ClCompile Include="src\graphics\renderer\opengl\OpenGLShader.cpp">
      <Filter>Source Files</Filter>
    </ClCompile>
    <ClCompile Include="src\graphics\renderer\opengl\OpenGLRectangleBatch.cpp">
      <Filter>Source Files</Filter>
    </ClCompile>
    <ClCompile Include="src\graphics\shapes\2d\Triangle.cpp">
      <Filter>Source Files</Filter>
    </ClCompile>
    <ClCompile Include="src\graphics\renderer\opengl\OpenGLTriangleBatch.cpp">
      <Filter>Source Files</Filter>
    </ClCompile>
  </ItemGroup>
  <ItemGroup>
    <ClInclude Include="include\graphics\window\GLFWindow.h">
      <Filter>Header Files</Filter>
    </ClInclude>
    <ClInclude Include="include\graphics\shapes\Color.h">
      <Filter>Header Files</Filter>
    </ClInclude>
    <ClInclude Include="include\graphics\shapes\Position.h">
      <Filter>Header Files</Filter>
    </ClInclude>
    <ClInclude Include="include\graphics\shapes\Shape2D.h">
      <Filter>Header Files</Filter>
    </ClInclude>
    <ClInclude Include="include\graphics\shapes\2d\Rectangle.h">
      <Filter>Header Files</Filter>
    </ClInclude>
    <ClInclude Include="include\graphics\renderer\Renderer.h">
      <Filter>Header Files</Filter>
    </ClInclude>
    <ClInclude Include="include\graphics\renderer\opengl\OpenGLRenderer.h">
      <Filter>Header Files</Filter>
    </ClInclude>
    <ClInclude Include="include\graphics\renderer\opengl\OpenGLShader.h">
      <Filter>Header Files</Filter>
    </ClInclude>
    <ClInclude Include="include\graphics\renderer\opengl\OpenGLRectangleBatch.h">
      <Filter>Header Files</Filter>
    </ClInclude>
    <ClInclude Include="include\graphics\shapes\2d\Triangle.h">
      <Filter>Header Files</Filter>
    </ClInclude>
    <ClInclude Include="include\graphics\renderer\opengl\OpenGLTriangleBatch.h">
      <Filter>Header Files</Filter>
    </ClInclude>
  </ItemGroup>
  <ItemGroup>
    <None Include="assets\opengl\shaders\base.vert" />
    <None Include="assets\opengl\shaders\base.frag" />
  </ItemGroup>
</Project>